
Microsoft Visual Studio Solution File, Format Version 12.00
# Visual Studio Version 17
VisualStudioVersion = 17.14.36414.22
MinimumVisualStudioVersion = 10.0.40219.1
Project("{FAE04EC0-301F-11D3-BF4B-00C04F79EFBC}") = "Bai 5.1", "Bai 5.1\Bai 5.1.csproj", "{32B78ADB-435B-4971-95CC-F291A8D3A9F3}"
EndProject
Project("{FAE04EC0-301F-11D3-BF4B-00C04F79EFBC}") = "Bai 5.2", "Bai 5.2\Bai 5.2.csproj", "{FD4485A0-4616-49DE-8B5C-30AB674A6FE7}"
EndProject
Project("{FAE04EC0-301F-11D3-BF4B-00C04F79EFBC}") = "Bai 5.3", "Bai 5.3\Bai 5.3.csproj", "{16ECF95E-6811-4FB7-A71C-AA0AC7F4DFD4}"
EndProject
Project("{FAE04EC0-301F-11D3-BF4B-00C04F79EFBC}") = "Bai 5.4", "Bai 5.4\Bai 5.4.csproj", "{BFADF54A-FF43-44A1-9B3E-E4F8B0A45750}"
EndProject
Project("{FAE04EC0-301F-11D3-BF4B-00C04F79EFBC}") = "Bai 5.5", "Bai 5.5\Bai 5.5.csproj", "{220C6F89-FE64-46B6-B43E-9D9BB62CE7C0}"
EndProject
Global
	GlobalSection(SolutionConfigurationPlatforms) = preSolution
		Debug|Any CPU = Debug|Any CPU
		Release|Any CPU = Release|Any CPU
	EndGlobalSection
	GlobalSection(ProjectConfigurationPlatforms) = postSolution
		{32B78ADB-435B-4971-95CC-F291A8D3A9F3}.Debug|Any CPU.ActiveCfg = Debug|Any CPU
		{32B78ADB-435B-4971-95CC-F291A8D3A9F3}.Debug|Any CPU.Build.0 = Debug|Any CPU
		{32B78ADB-435B-4971-95CC-F291A8D3A9F3}.Release|Any CPU.ActiveCfg = Release|Any CPU
		{32B78ADB-435B-4971-95CC-F291A8D3A9F3}.Release|Any CPU.Build.0 = Release|Any CPU
		{FD4485A0-4616-49DE-8B5C-30AB674A6FE7}.Debug|Any CPU.ActiveCfg = Debug|Any CPU
		{FD4485A0-4616-49DE-8B5C-30AB674A6FE7}.Debug|Any CPU.Build.0 = Debug|Any CPU
		{FD4485A0-4616-49DE-8B5C-30AB674A6FE7}.Release|Any CPU.ActiveCfg = Release|Any CPU
		{FD4485A0-4616-49DE-8B5C-30AB674A6FE7}.Release|Any CPU.Build.0 = Release|Any CPU
		{16ECF95E-6811-4FB7-A71C-AA0AC7F4DFD4}.Debug|Any CPU.ActiveCfg = Debug|Any CPU
		{16ECF95E-6811-4FB7-A71C-AA0AC7F4DFD4}.Debug|Any CPU.Build.0 = Debug|Any CPU
		{16ECF95E-6811-4FB7-A71C-AA0AC7F4DFD4}.Release|Any CPU.ActiveCfg = Release|Any CPU
		{16ECF95E-6811-4FB7-A71C-AA0AC7F4DFD4}.Release|Any CPU.Build.0 = Release|Any CPU
		{BFADF54A-FF43-44A1-9B3E-E4F8B0A45750}.Debug|Any CPU.ActiveCfg = Debug|Any CPU
		{BFADF54A-FF43-44A1-9B3E-E4F8B0A45750}.Debug|Any CPU.Build.0 = Debug|Any CPU
		{BFADF54A-FF43-44A1-9B3E-E4F8B0A45750}.Release|Any CPU.ActiveCfg = Release|Any CPU
		{BFADF54A-FF43-44A1-9B3E-E4F8B0A45750}.Release|Any CPU.Build.0 = Release|Any CPU
		{220C6F89-FE64-46B6-B43E-9D9BB62CE7C0}.Debug|Any CPU.ActiveCfg = Debug|Any CPU
		{220C6F89-FE64-46B6-B43E-9D9BB62CE7C0}.Debug|Any CPU.Build.0 = Debug|Any CPU
		{220C6F89-FE64-46B6-B43E-9D9BB62CE7C0}.Release|Any CPU.ActiveCfg = Release|Any CPU
		{220C6F89-FE64-46B6-B43E-9D9BB62CE7C0}.Release|Any CPU.Build.0 = Release|Any CPU
	EndGlobalSection
	GlobalSection(SolutionProperties) = preSolution
		HideSolutionNode = FALSE
	EndGlobalSection
	GlobalSection(ExtensibilityGlobals) = postSolution
		SolutionGuid = {7CC82EB2-18BE-4937-ADA2-F2F912FE10B8}
	EndGlobalSection
EndGlobal
