
Microsoft Visual Studio Solution File, Format Version 12.00
# Visual Studio Version 17
VisualStudioVersion = 17.14.36414.22 d17.14
MinimumVisualStudioVersion = 10.0.40219.1
Project("{FAE04EC0-301F-11D3-BF4B-00C04F79EFBC}") = "Bài 9.1", "Bài 9.1\Bài 9.1.csproj", "{7011F2A7-325F-4F7E-8064-663904A396B8}"
EndProject
Global
	GlobalSection(SolutionConfigurationPlatforms) = preSolution
		Debug|Any CPU = Debug|Any CPU
		Release|Any CPU = Release|Any CPU
	EndGlobalSection
	GlobalSection(ProjectConfigurationPlatforms) = postSolution
		{7011F2A7-325F-4F7E-8064-663904A396B8}.Debug|Any CPU.ActiveCfg = Debug|Any CPU
		{7011F2A7-325F-4F7E-8064-663904A396B8}.Debug|Any CPU.Build.0 = Debug|Any CPU
		{7011F2A7-325F-4F7E-8064-663904A396B8}.Release|Any CPU.ActiveCfg = Release|Any CPU
		{7011F2A7-325F-4F7E-8064-663904A396B8}.Release|Any CPU.Build.0 = Release|Any CPU
	EndGlobalSection
	GlobalSection(SolutionProperties) = preSolution
		HideSolutionNode = FALSE
	EndGlobalSection
	GlobalSection(ExtensibilityGlobals) = postSolution
		SolutionGuid = {9CFA29EF-8030-44F5-9F27-DF4A1C1D0DDD}
	EndGlobalSection
EndGlobal
